
Microsoft Visual Studio Solution File, Format Version 12.00
# Visual Studio Version 17
VisualStudioVersion = 17.1.32210.238
MinimumVisualStudioVersion = 10.0.40219.1
Project("{FAE04EC0-301F-11D3-BF4B-00C04F79EFBC}") = "MyList", "MyList\MyList.csproj", "{352AD746-76E7-40C8-97E6-1156DBAB4D61}"
EndProject
Global
	GlobalSection(SolutionConfigurationPlatforms) = preSolution
		Debug|Any CPU = Debug|Any CPU
		Release|Any CPU = Release|Any CPU
	EndGlobalSection
	GlobalSection(ProjectConfigurationPlatforms) = postSolution
		{352AD746-76E7-40C8-97E6-1156DBAB4D61}.Debug|Any CPU.ActiveCfg = Debug|Any CPU
		{352AD746-76E7-40C8-97E6-1156DBAB4D61}.Debug|Any CPU.Build.0 = Debug|Any CPU
		{352AD746-76E7-40C8-97E6-1156DBAB4D61}.Release|Any CPU.ActiveCfg = Release|Any CPU
		{352AD746-76E7-40C8-97E6-1156DBAB4D61}.Release|Any CPU.Build.0 = Release|Any CPU
	EndGlobalSection
	GlobalSection(SolutionProperties) = preSolution
		HideSolutionNode = FALSE
	EndGlobalSection
	GlobalSection(ExtensibilityGlobals) = postSolution
		SolutionGuid = {AAD9BAB8-2D17-42A9-BF3F-C1EF30E0DC41}
	EndGlobalSection
EndGlobal
